
Microsoft Visual Studio Solution File, Format Version 12.00
Project("{FAE04EC0-301F-11D3-BF4B-00C04F79EFBC}") = "Simulator", "Simulator\Simulator.csproj", "{A311D205-24A0-4A2F-B6AA-77C79B4F57AB}"
EndProject
Global
	GlobalSection(SolutionConfigurationPlatforms) = preSolution
		Debug|Any CPU = Debug|Any CPU
		Release|Any CPU = Release|Any CPU
	EndGlobalSection
	GlobalSection(ProjectConfigurationPlatforms) = postSolution
		{A311D205-24A0-4A2F-B6AA-77C79B4F57AB}.Debug|Any CPU.ActiveCfg = Debug|Any CPU
		{A311D205-24A0-4A2F-B6AA-77C79B4F57AB}.Debug|Any CPU.Build.0 = Debug|Any CPU
		{A311D205-24A0-4A2F-B6AA-77C79B4F57AB}.Release|Any CPU.ActiveCfg = Release|Any CPU
		{A311D205-24A0-4A2F-B6AA-77C79B4F57AB}.Release|Any CPU.Build.0 = Release|Any CPU
	EndGlobalSection
EndGlobal
